
Microsoft Visual Studio Solution File, Format Version 12.00
# Visual Studio Version 16
VisualStudioVersion = 16.0.31424.327
MinimumVisualStudioVersion = 10.0.40219.1
Project("{FAE04EC0-301F-11D3-BF4B-00C04F79EFBC}") = "VergiOtomasyon", "VergiOtomasyon\VergiOtomasyon.csproj", "{C9AF0E45-7978-4BB4-873A-6602E37C5FED}"
EndProject
Global
	GlobalSection(SolutionConfigurationPlatforms) = preSolution
		Debug|Any CPU = Debug|Any CPU
		Release|Any CPU = Release|Any CPU
	EndGlobalSection
	GlobalSection(ProjectConfigurationPlatforms) = postSolution
		{C9AF0E45-7978-4BB4-873A-6602E37C5FED}.Debug|Any CPU.ActiveCfg = Debug|Any CPU
		{C9AF0E45-7978-4BB4-873A-6602E37C5FED}.Debug|Any CPU.Build.0 = Debug|Any CPU
		{C9AF0E45-7978-4BB4-873A-6602E37C5FED}.Release|Any CPU.ActiveCfg = Release|Any CPU
		{C9AF0E45-7978-4BB4-873A-6602E37C5FED}.Release|Any CPU.Build.0 = Release|Any CPU
	EndGlobalSection
	GlobalSection(SolutionProperties) = preSolution
		HideSolutionNode = FALSE
	EndGlobalSection
	GlobalSection(ExtensibilityGlobals) = postSolution
		SolutionGuid = {BDECF5B4-1355-4608-98AF-88D93F0DA7D9}
	EndGlobalSection
EndGlobal
